// !$*UTF8*$!
{
	archiveVersion = 1;
	classes = {
	};
	objectVersion = 50;
	objects = {

/* Begin PBXBuildFile section */
		538FE87A22CA9BA5005A3836 /* AppDelegate.m in Sources */ = {isa = PBXBuildFile; fileRef = 538FE87922CA9BA5005A3836 /* AppDelegate.m */; };
		538FE88022CA9BA5005A3836 /* Main.storyboard in Resources */ = {isa = PBXBuildFile; fileRef = 538FE87E22CA9BA5005A3836 /* Main.storyboard */; };
		538FE88222CA9BA6005A3836 /* Assets.xcassets in Resources */ = {isa = PBXBuildFile; fileRef = 538FE88122CA9BA6005A3836 /* Assets.xcassets */; };
		538FE88522CA9BA6005A3836 /* LaunchScreen.storyboard in Resources */ = {isa = PBXBuildFile; fileRef = 538FE88322CA9BA6005A3836 /* LaunchScreen.storyboard */; };
		538FE88822CA9BA6005A3836 /* main.m in Sources */ = {isa = PBXBuildFile; fileRef = 538FE88722CA9BA6005A3836 /* main.m */; };
		538FE89522CA9E5E005A3836 /* Entry.m in Sources */ = {isa = PBXBuildFile; fileRef = 538FE89422CA9E5E005A3836 /* Entry.m */; };
		538FE89B22CAA2DC005A3836 /* EntryController.m in Sources */ = {isa = PBXBuildFile; fileRef = 538FE89A22CAA2DC005A3836 /* EntryController.m */; };
		538FE89E22CAB13F005A3836 /* EntryListTableViewController.m in Sources */ = {isa = PBXBuildFile; fileRef = 538FE89D22CAB13F005A3836 /* EntryListTableViewController.m */; };
/* End PBXBuildFile section */

/* Begin PBXFileReference section */
		538FE87522CA9BA5005A3836 /* Journal(ObjC).app */ = {isa = PBXFileReference; explicitFileType = wrapper.application; includeInIndex = 0; path = "Journal(ObjC).app"; sourceTree = BUILT_PRODUCTS_DIR; };
		538FE87822CA9BA5005A3836 /* AppDelegate.h */ = {isa = PBXFileReference; lastKnownFileType = sourcecode.c.h; path = AppDelegate.h; sourceTree = "<group>"; };
		538FE87922CA9BA5005A3836 /* AppDelegate.m */ = {isa = PBXFileReference; lastKnownFileType = sourcecode.c.objc; path = AppDelegate.m; sourceTree = "<group>"; };
		538FE87F22CA9BA5005A3836 /* Base */ = {isa = PBXFileReference; lastKnownFileType = file.storyboard; name = Base; path = Base.lproj/Main.storyboard; sourceTree = "<group>"; };
		538FE88122CA9BA6005A3836 /* Assets.xcassets */ = {isa = PBXFileReference; lastKnownFileType = folder.assetcatalog; path = Assets.xcassets; sourceTree = "<group>"; };
		538FE88422CA9BA6005A3836 /* Base */ = {isa = PBXFileReference; lastKnownFileType = file.storyboard; name = Base; path = Base.lproj/LaunchScreen.storyboard; sourceTree = "<group>"; };
		538FE88622CA9BA6005A3836 /* Info.plist */ = {isa = PBXFileReference; lastKnownFileType = text.plist.xml; path = Info.plist; sourceTree = "<group>"; };
		538FE88722CA9BA6005A3836 /* main.m */ = {isa = PBXFileReference; lastKnownFileType = sourcecode.c.objc; path = main.m; sourceTree = "<group>"; };
		538FE89322CA9E5E005A3836 /* Entry.h */ = {isa = PBXFileReference; lastKnownFileType = sourcecode.c.h; path = Entry.h; sourceTree = "<group>"; };
		538FE89422CA9E5E005A3836 /* Entry.m */ = {isa = PBXFileReference; lastKnownFileType = sourcecode.c.objc; path = Entry.m; sourceTree = "<group>"; };
		538FE89922CAA2DC005A3836 /* EntryController.h */ = {isa = PBXFileReference; lastKnownFileType = sourcecode.c.h; path = EntryController.h; sourceTree = "<group>"; };
		538FE89A22CAA2DC005A3836 /* EntryController.m */ = {isa = PBXFileReference; lastKnownFileType = sourcecode.c.objc; path = EntryController.m; sourceTree = "<group>"; };
		538FE89C22CAB13F005A3836 /* EntryListTableViewController.h */ = {isa = PBXFileReference; lastKnownFileType = sourcecode.c.h; path = EntryListTableViewController.h; sourceTree = "<group>"; };
		538FE89D22CAB13F005A3836 /* EntryListTableViewController.m */ = {isa = PBXFileReference; lastKnownFileType = sourcecode.c.objc; path = EntryListTableViewController.m; sourceTree = "<group>"; };
/* End PBXFileReference section */

/* Begin PBXFrameworksBuildPhase section */
		538FE87222CA9BA5005A3836 /* Frameworks */ = {
			isa = PBXFrameworksBuildPhase;
			buildActionMask = 2147483647;
			files = (
			);
			runOnlyForDeploymentPostprocessing = 0;
		};
/* End PBXFrameworksBuildPhase section */

/* Begin PBXGroup section */
		538FE86C22CA9BA5005A3836 = {
			isa = PBXGroup;
			children = (
				538FE87722CA9BA5005A3836 /* Journal(ObjC) */,
				538FE87622CA9BA5005A3836 /* Products */,
			);
			sourceTree = "<group>";
		};
		538FE87622CA9BA5005A3836 /* Products */ = {
			isa = PBXGroup;
			children = (
				538FE87522CA9BA5005A3836 /* Journal(ObjC).app */,
			);
			name = Products;
			sourceTree = "<group>";
		};
		538FE87722CA9BA5005A3836 /* Journal(ObjC) */ = {
			isa = PBXGroup;
			children = (
				538FE88F22CA9C18005A3836 /* View */,
				538FE89022CA9C3D005A3836 /* Model */,
				538FE89122CA9C4A005A3836 /* Model Controller */,
				538FE89222CA9C6F005A3836 /* View Controllers */,
				538FE88E22CA9BD9005A3836 /* Resources */,
			);
			path = "Journal(ObjC)";
			sourceTree = "<group>";
		};
		538FE88E22CA9BD9005A3836 /* Resources */ = {
			isa = PBXGroup;
			children = (
				538FE88722CA9BA6005A3836 /* main.m */,
				538FE88622CA9BA6005A3836 /* Info.plist */,
				538FE87822CA9BA5005A3836 /* AppDelegate.h */,
				538FE87922CA9BA5005A3836 /* AppDelegate.m */,
				538FE88122CA9BA6005A3836 /* Assets.xcassets */,
				538FE88322CA9BA6005A3836 /* LaunchScreen.storyboard */,
			);
			path = Resources;
			sourceTree = "<group>";
		};
		538FE88F22CA9C18005A3836 /* View */ = {
			isa = PBXGroup;
			children = (
				538FE87E22CA9BA5005A3836 /* Main.storyboard */,
			);
			path = View;
			sourceTree = "<group>";
		};
		538FE89022CA9C3D005A3836 /* Model */ = {
			isa = PBXGroup;
			children = (
				538FE89322CA9E5E005A3836 /* Entry.h */,
				538FE89422CA9E5E005A3836 /* Entry.m */,
			);
			path = Model;
			sourceTree = "<group>";
		};
		538FE89122CA9C4A005A3836 /* Model Controller */ = {
			isa = PBXGroup;
			children = (
				538FE89922CAA2DC005A3836 /* EntryController.h */,
				538FE89A22CAA2DC005A3836 /* EntryController.m */,
			);
			path = "Model Controller";
			sourceTree = "<group>";
		};
		538FE89222CA9C6F005A3836 /* View Controllers */ = {
			isa = PBXGroup;
			children = (
				538FE89C22CAB13F005A3836 /* EntryListTableViewController.h */,
				538FE89D22CAB13F005A3836 /* EntryListTableViewController.m */,
			);
			path = "View Controllers";
			sourceTree = "<group>";
		};
/* End PBXGroup section */

/* Begin PBXNativeTarget section */
		538FE87422CA9BA5005A3836 /* Journal(ObjC) */ = {
			isa = PBXNativeTarget;
			buildConfigurationList = 538FE88B22CA9BA6005A3836 /* Build configuration list for PBXNativeTarget "Journal(ObjC)" */;
			buildPhases = (
				538FE87122CA9BA5005A3836 /* Sources */,
				538FE87222CA9BA5005A3836 /* Frameworks */,
				538FE87322CA9BA5005A3836 /* Resources */,
			);
			buildRules = (
			);
			dependencies = (
			);
			name = "Journal(ObjC)";
			productName = "Journal(ObjC)";
			productReference = 538FE87522CA9BA5005A3836 /* Journal(ObjC).app */;
			productType = "com.apple.product-type.application";
		};
/* End PBXNativeTarget section */

/* Begin PBXProject section */
		538FE86D22CA9BA5005A3836 /* Project object */ = {
			isa = PBXProject;
			attributes = {
				LastUpgradeCheck = 1020;
				ORGANIZATIONNAME = "Madi S";
				TargetAttributes = {
					538FE87422CA9BA5005A3836 = {
						CreatedOnToolsVersion = 10.2.1;
					};
				};
			};
			buildConfigurationList = 538FE87022CA9BA5005A3836 /* Build configuration list for PBXProject "Journal(ObjC)" */;
			compatibilityVersion = "Xcode 9.3";
			developmentRegion = en;
			hasScannedForEncodings = 0;
			knownRegions = (
				en,
				Base,
			);
			mainGroup = 538FE86C22CA9BA5005A3836;
			productRefGroup = 538FE87622CA9BA5005A3836 /* Products */;
			projectDirPath = "";
			projectRoot = "";
			targets = (
				538FE87422CA9BA5005A3836 /* Journal(ObjC) */,
			);
		};
/* End PBXProject section */

/* Begin PBXResourcesBuildPhase section */
		538FE87322CA9BA5005A3836 /* Resources */ = {
			isa = PBXResourcesBuildPhase;
			buildActionMask = 2147483647;
			files = (
				538FE88522CA9BA6005A3836 /* LaunchScreen.storyboard in Resources */,
				538FE88222CA9BA6005A3836 /* Assets.xcassets in Resources */,
				538FE88022CA9BA5005A3836 /* Main.storyboard in Resources */,
			);
			runOnlyForDeploymentPostprocessing = 0;
		};
/* End PBXResourcesBuildPhase section */

/* Begin PBXSourcesBuildPhase section */
		538FE87122CA9BA5005A3836 /* Sources */ = {
			isa = PBXSourcesBuildPhase;
			buildActionMask = 2147483647;
			files = (
				538FE89522CA9E5E005A3836 /* Entry.m in Sources */,
				538FE88822CA9BA6005A3836 /* main.m in Sources */,
				538FE89B22CAA2DC005A3836 /* EntryController.m in Sources */,
				538FE87A22CA9BA5005A3836 /* AppDelegate.m in Sources */,
				538FE89E22CAB13F005A3836 /* EntryListTableViewController.m in Sources */,
			);
			runOnlyForDeploymentPostprocessing = 0;
		};
/* End PBXSourcesBuildPhase section */

/* Begin PBXVariantGroup section */
		538FE87E22CA9BA5005A3836 /* Main.storyboard */ = {
			isa = PBXVariantGroup;
			children = (
				538FE87F22CA9BA5005A3836 /* Base */,
			);
			name = Main.storyboard;
			sourceTree = "<group>";
		};
		538FE88322CA9BA6005A3836 /* LaunchScreen.storyboard */ = {
			isa = PBXVariantGroup;
			children = (
				538FE88422CA9BA6005A3836 /* Base */,
			);
			name = LaunchScreen.storyboard;
			sourceTree = "<group>";
		};
/* End PBXVariantGroup section */

/* Begin XCBuildConfiguration section */
		538FE88922CA9BA6005A3836 /* Debug */ = {
			isa = XCBuildConfiguration;
			buildSettings = {
				ALWAYS_SEARCH_USER_PATHS = NO;
				CLANG_ANALYZER_NONNULL = YES;
				CLANG_ANALYZER_NUMBER_OBJECT_CONVERSION = YES_AGGRESSIVE;
				CLANG_CXX_LANGUAGE_STANDARD = "gnu++14";
				CLANG_CXX_LIBRARY = "libc++";
				CLANG_ENABLE_MODULES = YES;
				CLANG_ENABLE_OBJC_ARC = YES;
				CLANG_ENABLE_OBJC_WEAK = YES;
				CLANG_WARN_BLOCK_CAPTURE_AUTORELEASING = YES;
				CLANG_WARN_BOOL_CONVERSION = YES;
				CLANG_WARN_COMMA = YES;
				CLANG_WARN_CONSTANT_CONVERSION = YES;
				CLANG_WARN_DEPRECATED_OBJC_IMPLEMENTATIONS = YES;
				CLANG_WARN_DIRECT_OBJC_ISA_USAGE = YES_ERROR;
				CLANG_WARN_DOCUMENTATION_COMMENTS = YES;
				CLANG_WARN_EMPTY_BODY = YES;
				CLANG_WARN_ENUM_CONVERSION = YES;
				CLANG_WARN_INFINITE_RECURSION = YES;
				CLANG_WARN_INT_CONVERSION = YES;
				CLANG_WARN_NON_LITERAL_NULL_CONVERSION = YES;
				CLANG_WARN_OBJC_IMPLICIT_RETAIN_SELF = YES;
				CLANG_WARN_OBJC_LITERAL_CONVERSION = YES;
				CLANG_WARN_OBJC_ROOT_CLASS = YES_ERROR;
				CLANG_WARN_RANGE_LOOP_ANALYSIS = YES;
				CLANG_WARN_STRICT_PROTOTYPES = YES;
				CLANG_WARN_SUSPICIOUS_MOVE = YES;
				CLANG_WARN_UNGUARDED_AVAILABILITY = YES_AGGRESSIVE;
				CLANG_WARN_UNREACHABLE_CODE = YES;
				CLANG_WARN__DUPLICATE_METHOD_MATCH = YES;
				CODE_SIGN_IDENTITY = "iPhone Developer";
				COPY_PHASE_STRIP = NO;
				DEBUG_INFORMATION_FORMAT = dwarf;
				ENABLE_STRICT_OBJC_MSGSEND = YES;
				ENABLE_TESTABILITY = YES;
				GCC_C_LANGUAGE_STANDARD = gnu11;
				GCC_DYNAMIC_NO_PIC = NO;
				GCC_NO_COMMON_BLOCKS = YES;
				GCC_OPTIMIZATION_LEVEL = 0;
				GCC_PREPROCESSOR_DEFINITIONS = (
					"DEBUG=1",
					"$(inherited)",
				);
				GCC_WARN_64_TO_32_BIT_CONVERSION = YES;
				GCC_WARN_ABOUT_RETURN_TYPE = YES_ERROR;
				GCC_WARN_UNDECLARED_SELECTOR = YES;
				GCC_WARN_UNINITIALIZED_AUTOS = YES_AGGRESSIVE;
				GCC_WARN_UNUSED_FUNCTION = YES;
				GCC_WARN_UNUSED_VARIABLE = YES;
				IPHONEOS_DEPLOYMENT_TARGET = 12.2;
				MTL_ENABLE_DEBUG_INFO = INCLUDE_SOURCE;
				MTL_FAST_MATH = YES;
				ONLY_ACTIVE_ARCH = YES;
				SDKROOT = iphoneos;
			};
			name = Debug;
		};
		538FE88A22CA9BA6005A3836 /* Release */ = {
			isa = XCBuildConfiguration;
			buildSettings = {
				ALWAYS_SEARCH_USER_PATHS = NO;
				CLANG_ANALYZER_NONNULL = YES;
				CLANG_ANALYZER_NUMBER_OBJECT_CONVERSION = YES_AGGRESSIVE;
				CLANG_CXX_LANGUAGE_STANDARD = "gnu++14";
				CLANG_CXX_LIBRARY = "libc++";
				CLANG_ENABLE_MODULES = YES;
				CLANG_ENABLE_OBJC_ARC = YES;
				CLANG_ENABLE_OBJC_WEAK = YES;
				CLANG_WARN_BLOCK_CAPTURE_AUTORELEASING = YES;
				CLANG_WARN_BOOL_CONVERSION = YES;
				CLANG_WARN_COMMA = YES;
				CLANG_WARN_CONSTANT_CONVERSION = YES;
				CLANG_WARN_DEPRECATED_OBJC_IMPLEMENTATIONS = YES;
				CLANG_WARN_DIRECT_OBJC_ISA_USAGE = YES_ERROR;
				CLANG_WARN_DOCUMENTATION_COMMENTS = YES;
				CLANG_WARN_EMPTY_BODY = YES;
				CLANG_WARN_ENUM_CONVERSION = YES;
				CLANG_WARN_INFINITE_RECURSION = YES;
				CLANG_WARN_INT_CONVERSION = YES;
				CLANG_WARN_NON_LITERAL_NULL_CONVERSION = YES;
				CLANG_WARN_OBJC_IMPLICIT_RETAIN_SELF = YES;
				CLANG_WARN_OBJC_LITERAL_CONVERSION = YES;
				CLANG_WARN_OBJC_ROOT_CLASS = YES_ERROR;
				CLANG_WARN_RANGE_LOOP_ANALYSIS = YES;
				CLANG_WARN_STRICT_PROTOTYPES = YES;
				CLANG_WARN_SUSPICIOUS_MOVE = YES;
				CLANG_WARN_UNGUARDED_AVAILABILITY = YES_AGGRESSIVE;
				CLANG_WARN_UNREACHABLE_CODE = YES;
				CLANG_WARN__DUPLICATE_METHOD_MATCH = YES;
				CODE_SIGN_IDENTITY = "iPhone Developer";
				COPY_PHASE_STRIP = NO;
				DEBUG_INFORMATION_FORMAT = "dwarf-with-dsym";
				ENABLE_NS_ASSERTIONS = NO;
				ENABLE_STRICT_OBJC_MSGSEND = YES;
				GCC_C_LANGUAGE_STANDARD = gnu11;
				GCC_NO_COMMON_BLOCKS = YES;
				GCC_WARN_64_TO_32_BIT_CONVERSION = YES;
				GCC_WARN_ABOUT_RETURN_TYPE = YES_ERROR;
				GCC_WARN_UNDECLARED_SELECTOR = YES;
				GCC_WARN_UNINITIALIZED_AUTOS = YES_AGGRESSIVE;
				GCC_WARN_UNUSED_FUNCTION = YES;
				GCC_WARN_UNUSED_VARIABLE = YES;
				IPHONEOS_DEPLOYMENT_TARGET = 12.2;
				MTL_ENABLE_DEBUG_INFO = NO;
				MTL_FAST_MATH = YES;
				SDKROOT = iphoneos;
				VALIDATE_PRODUCT = YES;
			};
			name = Release;
		};
		538FE88C22CA9BA6005A3836 /* Debug */ = {
			isa = XCBuildConfiguration;
			buildSettings = {
				ASSETCATALOG_COMPILER_APPICON_NAME = AppIcon;
				CODE_SIGN_STYLE = Automatic;
				DEVELOPMENT_TEAM = 8MJ3MC3A9A;
				INFOPLIST_FILE = "$(SRCROOT)/Journal(ObjC)/Resources/Info.plist";
				LD_RUNPATH_SEARCH_PATHS = (
					"$(inherited)",
					"@executable_path/Frameworks",
				);
				PRODUCT_BUNDLE_IDENTIFIER = "Madi-S.Journal-ObjC-";
				PRODUCT_NAME = "$(TARGET_NAME)";
				TARGETED_DEVICE_FAMILY = "1,2";
			};
			name = Debug;
		};
		538FE88D22CA9BA6005A3836 /* Release */ = {
			isa = XCBuildConfiguration;
			buildSettings = {
				ASSETCATALOG_COMPILER_APPICON_NAME = AppIcon;
				CODE_SIGN_STYLE = Automatic;
				DEVELOPMENT_TEAM = 8MJ3MC3A9A;
				INFOPLIST_FILE = "$(SRCROOT)/Journal(ObjC)/Resources/Info.plist";
				LD_RUNPATH_SEARCH_PATHS = (
					"$(inherited)",
					"@executable_path/Frameworks",
				);
				PRODUCT_BUNDLE_IDENTIFIER = "Madi-S.Journal-ObjC-";
				PRODUCT_NAME = "$(TARGET_NAME)";
				TARGETED_DEVICE_FAMILY = "1,2";
			};
			name = Release;
		};
/* End XCBuildConfiguration section */

/* Begin XCConfigurationList section */
		538FE87022CA9BA5005A3836 /* Build configuration list for PBXProject "Journal(ObjC)" */ = {
			isa = XCConfigurationList;
			buildConfigurations = (
				538FE88922CA9BA6005A3836 /* Debug */,
				538FE88A22CA9BA6005A3836 /* Release */,
			);
			defaultConfigurationIsVisible = 0;
			defaultConfigurationName = Release;
		};
		538FE88B22CA9BA6005A3836 /* Build configuration list for PBXNativeTarget "Journal(ObjC)" */ = {
			isa = XCConfigurationList;
			buildConfigurations = (
				538FE88C22CA9BA6005A3836 /* Debug */,
				538FE88D22CA9BA6005A3836 /* Release */,
			);
			defaultConfigurationIsVisible = 0;
			defaultConfigurationName = Release;
		};
/* End XCConfigurationList section */
	};
	rootObject = 538FE86D22CA9BA5005A3836 /* Project object */;
}
